{
  "name": "image2-platform",
  "version": "0.1.0",
  "lockfileVersion": 3,
  "requires": true,
  "packages": {
    "": {
      "name": "image2-platform",
      "version": "0.1.0",
      "dependencies": {
        "@supabase/supabase-js": "2.43.0",
        "bcrypt-ts": "^5.0.0",
        "hono": "^4.4.0",
        "jose": "^5.6.0"
      },
      "engines": {
        "node": ">=18"
      }
    },
    "node_modules/@supabase/auth-js": {
      "version": "2.64.1",
      "resolved": "https://registry.npmjs.org/@supabase/auth-js/-/auth-js-2.64.1.tgz",
      "integrity": "sha512-tA2PXLoWEzhD0N1Vysree+HftfeWBbFV0E+taND5rj/pZTjkwKq/9GlrnXkbs5pnw+tsnABDRo2WLZmymihGdA==",
      "license": "MIT",
      "dependencies": {
        "@supabase/node-fetch": "^2.6.14"
      }
    },
    "node_modules/@supabase/functions-js": {
      "version": "2.3.1",
      "resolved": "https://registry.npmjs.org/@supabase/functions-js/-/functions-js-2.3.1.tgz",
      "integrity": "sha512-QyzNle/rVzlOi4BbVqxLSH828VdGY1RElqGFAj+XeVypj6+PVtMlD21G8SDnsPQDtlqqTtoGRgdMlQZih5hTuw==",
      "license": "MIT",
      "dependencies": {
        "@supabase/node-fetch": "^2.6.14"
      }
    },
    "node_modules/@supabase/node-fetch": {
      "version": "2.6.15",
      "resolved": "https://registry.npmjs.org/@supabase/node-fetch/-/node-fetch-2.6.15.tgz",
      "integrity": "sha512-1ibVeYUacxWYi9i0cf5efil6adJ9WRyZBLivgjs+AUpewx1F3xPi7gLgaASI2SmIQxPoCEjAsLAzKPgMJVgOUQ==",
      "license": "MIT",
      "dependencies": {
        "whatwg-url": "^5.0.0"
      },
      "engines": {
        "node": "4.x || >=6.0.0"
      }
    },
    "node_modules/@supabase/postgrest-js": {
      "version": "1.15.2",
      "resolved": "https://registry.npmjs.org/@supabase/postgrest-js/-/postgrest-js-1.15.2.tgz",
      "integrity": "sha512-9/7pUmXExvGuEK1yZhVYXPZnLEkDTwxgMQHXLrN5BwPZZm4iUCL1YEyep/Z2lIZah8d8M433mVAUEGsihUj5KQ==",
      "license": "MIT",
      "dependencies": {
        "@supabase/node-fetch": "^2.6.14"
      }
    },
    "node_modules/@supabase/realtime-js": {
      "version": "2.9.5",
      "resolved": "https://registry.npmjs.org/@supabase/realtime-js/-/realtime-js-2.9.5.tgz",
      "integrity": "sha512-TEHlGwNGGmKPdeMtca1lFTYCedrhTAv3nZVoSjrKQ+wkMmaERuCe57zkC5KSWFzLYkb5FVHW8Hrr+PX1DDwplQ==",
      "license": "MIT",
      "dependencies": {
        "@supabase/node-fetch": "^2.6.14",
        "@types/phoenix": "^1.5.4",
        "@types/ws": "^8.5.10",
        "ws": "^8.14.2"
      }
    },
    "node_modules/@supabase/storage-js": {
      "version": "2.5.5",
      "resolved": "https://registry.npmjs.org/@supabase/storage-js/-/storage-js-2.5.5.tgz",
      "integrity": "sha512-OpLoDRjFwClwc2cjTJZG8XviTiQH4Ik8sCiMK5v7et0MDu2QlXjCAW3ljxJB5+z/KazdMOTnySi+hysxWUPu3w==",
      "license": "MIT",
      "dependencies": {
        "@supabase/node-fetch": "^2.6.14"
      }
    },
    "node_modules/@supabase/supabase-js": {
      "version": "2.43.0",
      "resolved": "https://registry.npmjs.org/@supabase/supabase-js/-/supabase-js-2.43.0.tgz",
      "integrity": "sha512-e/MXc/7HPEXayWoxDTv+xqxF5+wlpH3/+UoP3TXLH0OiShICTbyJfmRgn/GCNw7E7+DlUq+3c48q12FtGWrVmQ==",
      "license": "MIT",
      "dependencies": {
        "@supabase/auth-js": "2.64.1",
        "@supabase/functions-js": "2.3.1",
        "@supabase/node-fetch": "2.6.15",
        "@supabase/postgrest-js": "1.15.2",
        "@supabase/realtime-js": "2.9.5",
        "@supabase/storage-js": "2.5.5"
      }
    },
    "node_modules/@types/node": {
      "version": "26.1.1",
      "resolved": "https://registry.npmjs.org/@types/node/-/node-26.1.1.tgz",
      "integrity": "sha512-nxAkRSVkN1Y0JC1W8ky/fTfkGsMmcrRsbx+3XoZE+rMOX71kLYTV7fLXpqud1GpbpP5TuffXFqfX7fH2GgZREw==",
      "license": "MIT",
      "dependencies": {
        "undici-types": "~8.3.0"
      }
    },
    "node_modules/@types/phoenix": {
      "version": "1.6.7",
      "resolved": "https://registry.npmjs.org/@types/phoenix/-/phoenix-1.6.7.tgz",
      "integrity": "sha512-oN9ive//QSBkf19rfDv45M7eZPi0eEXylht2OLEXicu5b4KoQ1OzXIw+xDSGWxSxe1JmepRR/ZH283vsu518/Q==",
      "license": "MIT"
    },
    "node_modules/@types/ws": {
      "version": "8.18.1",
      "resolved": "https://registry.npmjs.org/@types/ws/-/ws-8.18.1.tgz",
      "integrity": "sha512-ThVF6DCVhA8kUGy+aazFQ4kXQ7E1Ty7A3ypFOe0IcJV8O/M511G99AW24irKrW56Wt44yG9+ij8FaqoBGkuBXg==",
      "license": "MIT",
      "dependencies": {
        "@types/node": "*"
      }
    },
    "node_modules/bcrypt-ts": {
      "version": "5.0.3",
      "resolved": "https://registry.npmjs.org/bcrypt-ts/-/bcrypt-ts-5.0.3.tgz",
      "integrity": "sha512-2FcgD12xPbwCoe5i9/HK0jJ1xA1m+QfC1e6htG9Bl/hNOnLyaFmQSlqLKcfe3QdnoMPKpKEGFCbESBTg+SJNOw==",
      "license": "MIT",
      "engines": {
        "node": ">=18"
      }
    },
    "node_modules/hono": {
      "version": "4.12.32",
      "resolved": "https://registry.npmjs.org/hono/-/hono-4.12.32.tgz",
      "integrity": "sha512-XcuyW9qE2kJn07PkecMOBd5Vq/hMy7mmGw+idz1yblbg9N17ijJODrvPkn7/dwL3Kulj8LcRJ69DLOWf91dRUg==",
      "license": "MIT",
      "engines": {
        "node": ">=16.9.0"
      }
    },
    "node_modules/jose": {
      "version": "5.10.0",
      "resolved": "https://registry.npmjs.org/jose/-/jose-5.10.0.tgz",
      "integrity": "sha512-s+3Al/p9g32Iq+oqXxkW//7jk2Vig6FF1CFqzVXoTUXt2qz89YWbL+OwS17NFYEvxC35n0FKeGO2LGYSxeM2Gg==",
      "license": "MIT",
      "funding": {
        "url": "https://github.com/sponsors/panva"
      }
    },
    "node_modules/tr46": {
      "version": "0.0.3",
      "resolved": "https://registry.npmjs.org/tr46/-/tr46-0.0.3.tgz",
      "integrity": "sha512-N3WMsuqV66lT30CrXNbEjx4GEwlow3v6rr4mCcv6prnfwhS01rkgyFdjPNBYd9br7LpXV1+Emh01fHnq2Gdgrw==",
      "license": "MIT"
    },
    "node_modules/undici-types": {
      "version": "8.3.0",
      "resolved": "https://registry.npmjs.org/undici-types/-/undici-types-8.3.0.tgz",
      "integrity": "sha512-j375ScV60dom+YkPFIfTLcOiPxkN/buHz5GobjLhixFuANaNs3C9l4GmrWqejgXWJ7BbJcFYpTEUkS1Ge8bpZQ==",
      "license": "MIT"
    },
    "node_modules/webidl-conversions": {
      "version": "3.0.1",
      "resolved": "https://registry.npmjs.org/webidl-conversions/-/webidl-conversions-3.0.1.tgz",
      "integrity": "sha512-2JAn3z8AR6rjK8Sm8orRC0h/bcl/DqL7tRPdGZ4I1CjdF+EaMLmYxBHyXuKL849eucPFhvBoxMsflfOb8kxaeQ==",
      "license": "BSD-2-Clause"
    },
    "node_modules/whatwg-url": {
      "version": "5.0.0",
      "resolved": "https://registry.npmjs.org/whatwg-url/-/whatwg-url-5.0.0.tgz",
      "integrity": "sha512-saE57nupxk6v3HY35+jzBwYa0rKSy0XR8JSxZPwgLr7ys0IBzhGviA1/TUGJLmSVqs8pb9AnvICXEuOHLprYTw==",
      "license": "MIT",
      "dependencies": {
        "tr46": "~0.0.3",
        "webidl-conversions": "^3.0.0"
      }
    },
    "node_modules/ws": {
      "version": "8.21.1",
      "resolved": "https://registry.npmjs.org/ws/-/ws-8.21.1.tgz",
      "integrity": "sha512-+0NTnW77fFN/DjQi6k/Sq/Yvk4Sgajw7urW8V+asjXnRgDs9gyGkdb7EzgfhA4goXsRIZKE28fzIXBHEzhuiWw==",
      "license": "MIT",
      "engines": {
        "node": ">=10.0.0"
      },
      "peerDependencies": {
        "bufferutil": "^4.0.1",
        "utf-8-validate": ">=5.0.2"
      },
      "peerDependenciesMeta": {
        "bufferutil": {
          "optional": true
        },
        "utf-8-validate": {
          "optional": true
        }
      }
    }
  }
}
